{
  "name": "js-nmsrv",
  "version": "1.0.0",
  "lockfileVersion": 1,
  "requires": true,
  "dependencies": {
    "nuid": {
      "version": "1.0.0",
      "resolved": "https://registry.npmjs.org/nuid/-/nuid-1.0.0.tgz",
      "integrity": "sha512-046ukkoG8NXjiJMpQYLpGhYJIXJlClt2rDlnubCXN1/pztO/YTD2WkhyBZsEADsUwVtVMv5UmC0B2QrT5sZiDQ=="
    },
    "ts-nats": {
      "version": "1.0.4",
      "resolved": "https://registry.npmjs.org/ts-nats/-/ts-nats-1.0.4.tgz",
      "integrity": "sha512-iCYG9CC8vGIMIu0P7pcVpdIEzccqk0QJRh99yxBqIZ5ABKPel2mve8PzdmwAs5dDc2un+l4idq07MFZYIZpf8Q==",
      "requires": {
        "nuid": "^1.0.0"
      }
    }
  }
}
